# THIS IS AN AUTOGENERATED FILE. DO NOT EDIT THIS FILE DIRECTLY.
# yarn lockfile v1


aos@^2.3.4:
  version "2.3.4"
  resolved "https://registry.yarnpkg.com/aos/-/aos-2.3.4.tgz#eb1c29f5c1806a197cf6323080747547edd3db8e"
  integrity sha512-zh/ahtR2yME4I51z8IttIt4lC1Nw0ktsFtmeDzID1m9naJnWXhCoARaCgNOGXb5CLy3zm+wqmRAEgMYB5E2HUw==
  dependencies:
    classlist-polyfill "^1.0.3"
    lodash.debounce "^4.0.6"
    lodash.throttle "^4.0.1"

classlist-polyfill@^1.0.3:
  version "1.2.0"
  resolved "https://registry.yarnpkg.com/classlist-polyfill/-/classlist-polyfill-1.2.0.tgz#935bc2dfd9458a876b279617514638bcaa964a2e"
  integrity sha1-k1vC39lFiodrJ5YXUUY4vKqWSi4=

dom7@^3.0.0-alpha.7:
  version "3.0.0-alpha.9"
  resolved "https://registry.yarnpkg.com/dom7/-/dom7-3.0.0-alpha.9.tgz#0110c21181b8bad3a1ee72443e04d3c2e3f1d38f"
  integrity sha512-wTxPe1vJqLAy2PzAROh/n1PsRF/ZklAJyRIn9shm2dAQjP4JhjsgDKQ1YTbuzf1KVlqOlqYPmwupQExcB9jOUg==
  dependencies:
    ssr-window "^3.0.0-alpha.1"

foundation-sites@^6.6.3:
  version "6.6.3"
  resolved "https://registry.yarnpkg.com/foundation-sites/-/foundation-sites-6.6.3.tgz#8ca5f246357db69e6a0e73351ce06aa8acce6540"
  integrity sha512-8X93wUAmUg1HhVv8uWMWnwoBLSQWSmFImJencneIZDctswn724Bq/MV1cbPZN/GFWGOB/9ngoQHztfzd4+ovCg==

jquery@>=1.7.0:
  version "3.4.1"
  resolved "https://registry.yarnpkg.com/jquery/-/jquery-3.4.1.tgz#714f1f8d9dde4bdfa55764ba37ef214630d80ef2"
  integrity sha512-36+AdBzCL+y6qjw5Tx7HgzeGCzC81MDDgaUP8ld2zhx58HdqXGoBd+tHdrBMiyjGQs0Hxs/MLZTu/eHNJJuWPw==

jquery@^3.5.1:
  version "3.5.1"
  resolved "https://registry.yarnpkg.com/jquery/-/jquery-3.5.1.tgz#d7b4d08e1bfdb86ad2f1a3d039ea17304717abb5"
  integrity sha512-XwIBPqcMn57FxfT+Go5pzySnm4KWkT1Tv7gjrpT1srtf8Weynl6R273VJ5GjkRb51IzMp5nbaPjJXMWeju2MKg==

lightgallery@^1.8.2:
  version "1.8.2"
  resolved "https://registry.yarnpkg.com/lightgallery/-/lightgallery-1.8.2.tgz#00d7620aa99b717fb31d86001869791131f1dfd4"
  integrity sha512-ubQ5rdKtEv/1LVv9r1UJdcZxUsxcicu3JPwP4bqi0MYfyv+JhKzlwD8MrwpvGdW7RbH/ZUrHokl17+MtxbiNxg==
  dependencies:
    jquery ">=1.7.0"

lodash.debounce@^4.0.6:
  version "4.0.8"
  resolved "https://registry.yarnpkg.com/lodash.debounce/-/lodash.debounce-4.0.8.tgz#82d79bff30a67c4005ffd5e2515300ad9ca4d7af"
  integrity sha1-gteb/zCmfEAF/9XiUVMArZyk168=

lodash.throttle@^4.0.1:
  version "4.1.1"
  resolved "https://registry.yarnpkg.com/lodash.throttle/-/lodash.throttle-4.1.1.tgz#c23e91b710242ac70c37f1e1cda9274cc39bf2f4"
  integrity sha1-wj6RtxAkKscMN/HhzaknTMOb8vQ=

ssr-window@^3.0.0-alpha.1, ssr-window@^3.0.0-alpha.4:
  version "3.0.0-alpha.4"
  resolved "https://registry.yarnpkg.com/ssr-window/-/ssr-window-3.0.0-alpha.4.tgz#0c69a18c4305ecccdd8e11596155ca07b635f345"
  integrity sha512-+dBRP/pZ+VyITxTzD0lMDzDwN/BmfUl8xi2e6t5Nz4+FqUphfcBLB1OOUSYCRNFB25rD3c8AJRYpY5rHTbL+kg==

swiper@^6.2.0:
  version "6.2.0"
  resolved "https://registry.yarnpkg.com/swiper/-/swiper-6.2.0.tgz#f9dafdc2ccb5d6dd2bd728c78db87605329cb50e"
  integrity sha512-lOQeWRAHXwWPDu6k5cJYkf/eVRq2IUiHpMSGS143PVBg91J+2ZCXwM+Uv2sUckrZn3AMGcpcpnEBqD8Rwz9XGQ==
  dependencies:
    dom7 "^3.0.0-alpha.7"
    ssr-window "^3.0.0-alpha.4"

what-input@^5.2.10:
  version "5.2.10"
  resolved "https://registry.yarnpkg.com/what-input/-/what-input-5.2.10.tgz#f79f5b65cf95d75e55e6d580bb0a6b98174cad4e"
  integrity sha512-7AQoIMGq7uU8esmKniOtZG3A+pzlwgeyFpkS3f/yzRbxknSL68tvn5gjE6bZ4OMFxCPjpaBd2udUTqlZ0HwrXQ==
